
Microsoft Visual Studio Solution File, Format Version 12.00
# Visual Studio 14
VisualStudioVersion = 14.0.24720.0
MinimumVisualStudioVersion = 10.0.40219.1
Project("{2150E333-8FDC-42A3-9474-1A3956D46DE8}") = "Enginee", "Enginee", "{9BC4E38E-9115-4BDD-B88F-BB60FA15C116}"
EndProject
Project("{2150E333-8FDC-42A3-9474-1A3956D46DE8}") = "Mod", "Mod", "{5367D5F4-BF9F-4DE2-A56A-8BB0B2FBCE42}"
EndProject
Project("{2150E333-8FDC-42A3-9474-1A3956D46DE8}") = "Test", "Test", "{864666E3-DC4F-4E49-BFF8-EF4BA4AFC97C}"
EndProject
Project("{2150E333-8FDC-42A3-9474-1A3956D46DE8}") = "Securtity", "Securtity", "{87369BA8-1AB9-41C7-B058-808BB29BFBC2}"
EndProject
Project("{FAE04EC0-301F-11D3-BF4B-00C04F79EFBC}") = "JobTips.Engine", "JobTips.Engine\JobTips.Engine.csproj", "{429850A9-9002-43C5-8B43-B18499C6F778}"
EndProject
Project("{2150E333-8FDC-42A3-9474-1A3956D46DE8}") = "Core", "Core", "{211AC2E2-09E3-4033-93AD-67B11EC1A863}"
EndProject
Project("{2150E333-8FDC-42A3-9474-1A3956D46DE8}") = "Topic", "Topic", "{573A3498-C754-4B5F-9678-02B017B23F0D}"
EndProject
Project("{FAE04EC0-301F-11D3-BF4B-00C04F79EFBC}") = "JobTips.Core.BusinessObjects", "JobTips.Core.BusinessObjects\JobTips.Core.BusinessObjects.csproj", "{3509E0B0-170A-4680-A464-67B25997D464}"
EndProject
Project("{FAE04EC0-301F-11D3-BF4B-00C04F79EFBC}") = "JobTips.Core.Controller", "JobTips.Core.Controller\JobTips.Core.Controller.csproj", "{1EA0962B-B685-422E-B158-BEF62FA0B595}"
EndProject
Project("{FAE04EC0-301F-11D3-BF4B-00C04F79EFBC}") = "JobTips.Core.Repository", "JobTips.Core.Repository\JobTips.Core.Repository.csproj", "{C7E3DF8E-B55E-43EC-94B2-D2D690B01917}"
EndProject
Project("{FAE04EC0-301F-11D3-BF4B-00C04F79EFBC}") = "JobTips.Core.Service", "JobTips.Core.Service\JobTips.Core.Service.csproj", "{2E1F5383-086E-462A-84B6-0A6ADBE367D4}"
EndProject
Project("{FAE04EC0-301F-11D3-BF4B-00C04F79EFBC}") = "JobTips.Topic.BusinessObject", "JobTips.Topic.BusinessObject\JobTips.Topic.BusinessObject.csproj", "{475801B8-BB44-4396-947A-4F23B8F4EA46}"
EndProject
Project("{FAE04EC0-301F-11D3-BF4B-00C04F79EFBC}") = "JobTips.Topic.Controller", "JobTips.Topic.Controller\JobTips.Topic.Controller.csproj", "{25CD5DD1-8134-4D75-A46A-E6969FF98744}"
EndProject
Project("{FAE04EC0-301F-11D3-BF4B-00C04F79EFBC}") = "JobTips.Topic.Repository", "JobTips.Topic.Repository\JobTips.Topic.Repository.csproj", "{7ECF8C42-AA31-4700-A9F1-23D3598C9494}"
EndProject
Project("{FAE04EC0-301F-11D3-BF4B-00C04F79EFBC}") = "JobTips.Topic.Service", "JobTips.Topic.Service\JobTips.Topic.Service.csproj", "{B4939126-61AC-49E5-A282-4F6B052B0AE9}"
EndProject
Project("{2150E333-8FDC-42A3-9474-1A3956D46DE8}") = "Account", "Account", "{5D8B4B74-37F5-42BE-B5C2-2C1FA27130AF}"
EndProject
Global
	GlobalSection(SolutionConfigurationPlatforms) = preSolution
		Debug|Any CPU = Debug|Any CPU
		Release|Any CPU = Release|Any CPU
	EndGlobalSection
	GlobalSection(ProjectConfigurationPlatforms) = postSolution
		{429850A9-9002-43C5-8B43-B18499C6F778}.Debug|Any CPU.ActiveCfg = Debug|Any CPU
		{429850A9-9002-43C5-8B43-B18499C6F778}.Debug|Any CPU.Build.0 = Debug|Any CPU
		{429850A9-9002-43C5-8B43-B18499C6F778}.Release|Any CPU.ActiveCfg = Release|Any CPU
		{429850A9-9002-43C5-8B43-B18499C6F778}.Release|Any CPU.Build.0 = Release|Any CPU
		{3509E0B0-170A-4680-A464-67B25997D464}.Debug|Any CPU.ActiveCfg = Debug|Any CPU
		{3509E0B0-170A-4680-A464-67B25997D464}.Debug|Any CPU.Build.0 = Debug|Any CPU
		{3509E0B0-170A-4680-A464-67B25997D464}.Release|Any CPU.ActiveCfg = Release|Any CPU
		{3509E0B0-170A-4680-A464-67B25997D464}.Release|Any CPU.Build.0 = Release|Any CPU
		{1EA0962B-B685-422E-B158-BEF62FA0B595}.Debug|Any CPU.ActiveCfg = Debug|Any CPU
		{1EA0962B-B685-422E-B158-BEF62FA0B595}.Debug|Any CPU.Build.0 = Debug|Any CPU
		{1EA0962B-B685-422E-B158-BEF62FA0B595}.Release|Any CPU.ActiveCfg = Release|Any CPU
		{1EA0962B-B685-422E-B158-BEF62FA0B595}.Release|Any CPU.Build.0 = Release|Any CPU
		{C7E3DF8E-B55E-43EC-94B2-D2D690B01917}.Debug|Any CPU.ActiveCfg = Debug|Any CPU
		{C7E3DF8E-B55E-43EC-94B2-D2D690B01917}.Debug|Any CPU.Build.0 = Debug|Any CPU
		{C7E3DF8E-B55E-43EC-94B2-D2D690B01917}.Release|Any CPU.ActiveCfg = Release|Any CPU
		{C7E3DF8E-B55E-43EC-94B2-D2D690B01917}.Release|Any CPU.Build.0 = Release|Any CPU
		{2E1F5383-086E-462A-84B6-0A6ADBE367D4}.Debug|Any CPU.ActiveCfg = Debug|Any CPU
		{2E1F5383-086E-462A-84B6-0A6ADBE367D4}.Debug|Any CPU.Build.0 = Debug|Any CPU
		{2E1F5383-086E-462A-84B6-0A6ADBE367D4}.Release|Any CPU.ActiveCfg = Release|Any CPU
		{2E1F5383-086E-462A-84B6-0A6ADBE367D4}.Release|Any CPU.Build.0 = Release|Any CPU
		{475801B8-BB44-4396-947A-4F23B8F4EA46}.Debug|Any CPU.ActiveCfg = Debug|Any CPU
		{475801B8-BB44-4396-947A-4F23B8F4EA46}.Debug|Any CPU.Build.0 = Debug|Any CPU
		{475801B8-BB44-4396-947A-4F23B8F4EA46}.Release|Any CPU.ActiveCfg = Release|Any CPU
		{475801B8-BB44-4396-947A-4F23B8F4EA46}.Release|Any CPU.Build.0 = Release|Any CPU
		{25CD5DD1-8134-4D75-A46A-E6969FF98744}.Debug|Any CPU.ActiveCfg = Debug|Any CPU
		{25CD5DD1-8134-4D75-A46A-E6969FF98744}.Debug|Any CPU.Build.0 = Debug|Any CPU
		{25CD5DD1-8134-4D75-A46A-E6969FF98744}.Release|Any CPU.ActiveCfg = Release|Any CPU
		{25CD5DD1-8134-4D75-A46A-E6969FF98744}.Release|Any CPU.Build.0 = Release|Any CPU
		{7ECF8C42-AA31-4700-A9F1-23D3598C9494}.Debug|Any CPU.ActiveCfg = Debug|Any CPU
		{7ECF8C42-AA31-4700-A9F1-23D3598C9494}.Debug|Any CPU.Build.0 = Debug|Any CPU
		{7ECF8C42-AA31-4700-A9F1-23D3598C9494}.Release|Any CPU.ActiveCfg = Release|Any CPU
		{7ECF8C42-AA31-4700-A9F1-23D3598C9494}.Release|Any CPU.Build.0 = Release|Any CPU
		{B4939126-61AC-49E5-A282-4F6B052B0AE9}.Debug|Any CPU.ActiveCfg = Debug|Any CPU
		{B4939126-61AC-49E5-A282-4F6B052B0AE9}.Debug|Any CPU.Build.0 = Debug|Any CPU
		{B4939126-61AC-49E5-A282-4F6B052B0AE9}.Release|Any CPU.ActiveCfg = Release|Any CPU
		{B4939126-61AC-49E5-A282-4F6B052B0AE9}.Release|Any CPU.Build.0 = Release|Any CPU
	EndGlobalSection
	GlobalSection(SolutionProperties) = preSolution
		HideSolutionNode = FALSE
	EndGlobalSection
	GlobalSection(NestedProjects) = preSolution
		{429850A9-9002-43C5-8B43-B18499C6F778} = {9BC4E38E-9115-4BDD-B88F-BB60FA15C116}
		{211AC2E2-09E3-4033-93AD-67B11EC1A863} = {5367D5F4-BF9F-4DE2-A56A-8BB0B2FBCE42}
		{573A3498-C754-4B5F-9678-02B017B23F0D} = {5367D5F4-BF9F-4DE2-A56A-8BB0B2FBCE42}
		{3509E0B0-170A-4680-A464-67B25997D464} = {211AC2E2-09E3-4033-93AD-67B11EC1A863}
		{1EA0962B-B685-422E-B158-BEF62FA0B595} = {211AC2E2-09E3-4033-93AD-67B11EC1A863}
		{C7E3DF8E-B55E-43EC-94B2-D2D690B01917} = {211AC2E2-09E3-4033-93AD-67B11EC1A863}
		{2E1F5383-086E-462A-84B6-0A6ADBE367D4} = {211AC2E2-09E3-4033-93AD-67B11EC1A863}
		{475801B8-BB44-4396-947A-4F23B8F4EA46} = {573A3498-C754-4B5F-9678-02B017B23F0D}
		{25CD5DD1-8134-4D75-A46A-E6969FF98744} = {573A3498-C754-4B5F-9678-02B017B23F0D}
		{7ECF8C42-AA31-4700-A9F1-23D3598C9494} = {573A3498-C754-4B5F-9678-02B017B23F0D}
		{B4939126-61AC-49E5-A282-4F6B052B0AE9} = {573A3498-C754-4B5F-9678-02B017B23F0D}
		{5D8B4B74-37F5-42BE-B5C2-2C1FA27130AF} = {5367D5F4-BF9F-4DE2-A56A-8BB0B2FBCE42}
	EndGlobalSection
EndGlobal
